{
  "pins" : [
    {
      "identity" : "kakaomapssdk-spm",
      "kind" : "remoteSourceControl",
      "location" : "https://github.com/kakao-mapsSDK/KakaoMapsSDK-SPM.git",
      "state" : {
        "revision" : "8951e083c2eb3ea4a0a80bd35aeec2b790fc3b3b",
        "version" : "2.12.18"
      }
    }
  ],
  "version" : 2
}
